
Microsoft Visual Studio Solution File, Format Version 12.00
# Visual Studio Version 16
VisualStudioVersion = 16.0.29519.181
MinimumVisualStudioVersion = 10.0.40219.1
Project("{8BC9CEB8-8B4A-11D0-8D11-00A0C91BC942}") = "Mokesciai2", "Mokesciai2.vcxproj", "{D42D5C00-9B62-46C9-B302-55352AD8990C}"
EndProject
Global
	GlobalSection(SolutionConfigurationPlatforms) = preSolution
		Debug|x64 = Debug|x64
		Debug|x86 = Debug|x86
		Release|x64 = Release|x64
		Release|x86 = Release|x86
	EndGlobalSection
	GlobalSection(ProjectConfigurationPlatforms) = postSolution
		{D42D5C00-9B62-46C9-B302-55352AD8990C}.Debug|x64.ActiveCfg = Debug|x64
		{D42D5C00-9B62-46C9-B302-55352AD8990C}.Debug|x64.Build.0 = Debug|x64
		{D42D5C00-9B62-46C9-B302-55352AD8990C}.Debug|x86.ActiveCfg = Debug|Win32
		{D42D5C00-9B62-46C9-B302-55352AD8990C}.Debug|x86.Build.0 = Debug|Win32
		{D42D5C00-9B62-46C9-B302-55352AD8990C}.Release|x64.ActiveCfg = Release|x64
		{D42D5C00-9B62-46C9-B302-55352AD8990C}.Release|x64.Build.0 = Release|x64
		{D42D5C00-9B62-46C9-B302-55352AD8990C}.Release|x86.ActiveCfg = Release|Win32
		{D42D5C00-9B62-46C9-B302-55352AD8990C}.Release|x86.Build.0 = Release|Win32
	EndGlobalSection
	GlobalSection(SolutionProperties) = preSolution
		HideSolutionNode = FALSE
	EndGlobalSection
	GlobalSection(ExtensibilityGlobals) = postSolution
		SolutionGuid = {58D6CAF4-8965-47E8-9696-0EDDE145FB0D}
	EndGlobalSection
EndGlobal
